
Microsoft Visual Studio Solution File, Format Version 12.00
# Visual Studio Version 16
VisualStudioVersion = 16.0.30413.136
MinimumVisualStudioVersion = 10.0.40219.1
Project("{FAE04EC0-301F-11D3-BF4B-00C04F79EFBC}") = "WpfReminder", "WpfReminder\WpfReminder.csproj", "{5A2DE1B7-78B7-4827-A06D-7CCFA4D41CBB}"
EndProject
Global
	GlobalSection(SolutionConfigurationPlatforms) = preSolution
		Debug|Any CPU = Debug|Any CPU
		Release|Any CPU = Release|Any CPU
	EndGlobalSection
	GlobalSection(ProjectConfigurationPlatforms) = postSolution
		{5A2DE1B7-78B7-4827-A06D-7CCFA4D41CBB}.Debug|Any CPU.ActiveCfg = Debug|Any CPU
		{5A2DE1B7-78B7-4827-A06D-7CCFA4D41CBB}.Debug|Any CPU.Build.0 = Debug|Any CPU
		{5A2DE1B7-78B7-4827-A06D-7CCFA4D41CBB}.Release|Any CPU.ActiveCfg = Release|Any CPU
		{5A2DE1B7-78B7-4827-A06D-7CCFA4D41CBB}.Release|Any CPU.Build.0 = Release|Any CPU
	EndGlobalSection
	GlobalSection(SolutionProperties) = preSolution
		HideSolutionNode = FALSE
	EndGlobalSection
	GlobalSection(ExtensibilityGlobals) = postSolution
		SolutionGuid = {4B1E7571-B96B-40F1-92E6-2DB2FDB51ECD}
	EndGlobalSection
EndGlobal
